// !$*UTF8*$!
{
	archiveVersion = 1;
	classes = {
	};
	objectVersion = 46;
	objects = {

/* Begin PBXBuildFile section */
		34B162F31EC29FD00029E723 /* AppDelegate.swift in Sources */ = {isa = PBXBuildFile; fileRef = 34B162F21EC29FD00029E723 /* AppDelegate.swift */; };
		34B162F51EC29FD00029E723 /* ViewController.swift in Sources */ = {isa = PBXBuildFile; fileRef = 34B162F41EC29FD00029E723 /* ViewController.swift */; };
		34B162F81EC29FD00029E723 /* Main.storyboard in Resources */ = {isa = PBXBuildFile; fileRef = 34B162F61EC29FD00029E723 /* Main.storyboard */; };
		34B162FA1EC29FD00029E723 /* Assets.xcassets in Resources */ = {isa = PBXBuildFile; fileRef = 34B162F91EC29FD00029E723 /* Assets.xcassets */; };
		34B162FD1EC29FD00029E723 /* LaunchScreen.storyboard in Resources */ = {isa = PBXBuildFile; fileRef = 34B162FB1EC29FD00029E723 /* LaunchScreen.storyboard */; };
		34B163051EC2A31D0029E723 /* CustomTableViewCell.swift in Sources */ = {isa = PBXBuildFile; fileRef = 34B163041EC2A31D0029E723 /* CustomTableViewCell.swift */; };
		34B163071EC2A4980029E723 /* Movie.swift in Sources */ = {isa = PBXBuildFile; fileRef = 34B163061EC2A4980029E723 /* Movie.swift */; };
		34B163091EC2B17F0029E723 /* SearchViewController.swift in Sources */ = {isa = PBXBuildFile; fileRef = 34B163081EC2B17F0029E723 /* SearchViewController.swift */; };
		34B1630B1EC3A8C80029E723 /* HTTPHandler.swift in Sources */ = {isa = PBXBuildFile; fileRef = 34B1630A1EC3A8C80029E723 /* HTTPHandler.swift */; };
		34D325AA1EC3B0F000205F1A /* SwiftyJSON.framework in Frameworks */ = {isa = PBXBuildFile; fileRef = 34D325A91EC3B0F000205F1A /* SwiftyJSON.framework */; };
		34D325AC1EC3B32100205F1A /* DataToMovie.swift in Sources */ = {isa = PBXBuildFile; fileRef = 34D325AB1EC3B32100205F1A /* DataToMovie.swift */; };
		3859B085EF0AD400C477F275 /* Pods_Movies.framework in Frameworks */ = {isa = PBXBuildFile; fileRef = DCB5266362DD6B3443D51634 /* Pods_Movies.framework */; };
/* End PBXBuildFile section */

/* Begin PBXFileReference section */
		34B162EF1EC29FD00029E723 /* Movies.app */ = {isa = PBXFileReference; explicitFileType = wrapper.application; includeInIndex = 0; path = Movies.app; sourceTree = BUILT_PRODUCTS_DIR; };
		34B162F21EC29FD00029E723 /* AppDelegate.swift */ = {isa = PBXFileReference; lastKnownFileType = sourcecode.swift; path = AppDelegate.swift; sourceTree = "<group>"; };
		34B162F41EC29FD00029E723 /* ViewController.swift */ = {isa = PBXFileReference; lastKnownFileType = sourcecode.swift; path = ViewController.swift; sourceTree = "<group>"; };
		34B162F71EC29FD00029E723 /* Base */ = {isa = PBXFileReference; lastKnownFileType = file.storyboard; name = Base; path = Base.lproj/Main.storyboard; sourceTree = "<group>"; };
		34B162F91EC29FD00029E723 /* Assets.xcassets */ = {isa = PBXFileReference; lastKnownFileType = folder.assetcatalog; path = Assets.xcassets; sourceTree = "<group>"; };
		34B162FC1EC29FD00029E723 /* Base */ = {isa = PBXFileReference; lastKnownFileType = file.storyboard; name = Base; path = Base.lproj/LaunchScreen.storyboard; sourceTree = "<group>"; };
		34B162FE1EC29FD00029E723 /* Info.plist */ = {isa = PBXFileReference; lastKnownFileType = text.plist.xml; path = Info.plist; sourceTree = "<group>"; };
		34B163041EC2A31D0029E723 /* CustomTableViewCell.swift */ = {isa = PBXFileReference; fileEncoding = 4; lastKnownFileType = sourcecode.swift; path = CustomTableViewCell.swift; sourceTree = "<group>"; };
		34B163061EC2A4980029E723 /* Movie.swift */ = {isa = PBXFileReference; fileEncoding = 4; lastKnownFileType = sourcecode.swift; path = Movie.swift; sourceTree = "<group>"; };
		34B163081EC2B17F0029E723 /* SearchViewController.swift */ = {isa = PBXFileReference; fileEncoding = 4; lastKnownFileType = sourcecode.swift; path = SearchViewController.swift; sourceTree = "<group>"; };
		34B1630A1EC3A8C80029E723 /* HTTPHandler.swift */ = {isa = PBXFileReference; fileEncoding = 4; lastKnownFileType = sourcecode.swift; path = HTTPHandler.swift; sourceTree = "<group>"; };
		34D325A91EC3B0F000205F1A /* SwiftyJSON.framework */ = {isa = PBXFileReference; lastKnownFileType = wrapper.framework; name = SwiftyJSON.framework; path = "../../Library/Developer/Xcode/DerivedData/Movies-fjjfrfxlvzbhvngdmmrlajgalqvr/Build/Products/Debug-iphonesimulator/SwiftyJSON/SwiftyJSON.framework"; sourceTree = "<group>"; };
		34D325AB1EC3B32100205F1A /* DataToMovie.swift */ = {isa = PBXFileReference; fileEncoding = 4; lastKnownFileType = sourcecode.swift; path = DataToMovie.swift; sourceTree = "<group>"; };
		3A4F6523C4D205F7D2BF4301 /* Pods-Movies.debug.xcconfig */ = {isa = PBXFileReference; includeInIndex = 1; lastKnownFileType = text.xcconfig; name = "Pods-Movies.debug.xcconfig"; path = "Pods/Target Support Files/Pods-Movies/Pods-Movies.debug.xcconfig"; sourceTree = "<group>"; };
		CB6D969CF1A1A125BF10EE5F /* Pods-Movies.release.xcconfig */ = {isa = PBXFileReference; includeInIndex = 1; lastKnownFileType = text.xcconfig; name = "Pods-Movies.release.xcconfig"; path = "Pods/Target Support Files/Pods-Movies/Pods-Movies.release.xcconfig"; sourceTree = "<group>"; };
		DCB5266362DD6B3443D51634 /* Pods_Movies.framework */ = {isa = PBXFileReference; explicitFileType = wrapper.framework; includeInIndex = 0; path = Pods_Movies.framework; sourceTree = BUILT_PRODUCTS_DIR; };
/* End PBXFileReference section */

/* Begin PBXFrameworksBuildPhase section */
		34B162EC1EC29FD00029E723 /* Frameworks */ = {
			isa = PBXFrameworksBuildPhase;
			buildActionMask = 2147483647;
			files = (
				34D325AA1EC3B0F000205F1A /* SwiftyJSON.framework in Frameworks */,
				3859B085EF0AD400C477F275 /* Pods_Movies.framework in Frameworks */,
			);
			runOnlyForDeploymentPostprocessing = 0;
		};
/* End PBXFrameworksBuildPhase section */

/* Begin PBXGroup section */
		236D5F18B97D4126DFFA600A /* Frameworks */ = {
			isa = PBXGroup;
			children = (
				34D325A91EC3B0F000205F1A /* SwiftyJSON.framework */,
				DCB5266362DD6B3443D51634 /* Pods_Movies.framework */,
			);
			name = Frameworks;
			sourceTree = "<group>";
		};
		34B162E61EC29FD00029E723 = {
			isa = PBXGroup;
			children = (
				34B162F11EC29FD00029E723 /* Movies */,
				34B162F01EC29FD00029E723 /* Products */,
				37185B5D0122097EF043CAF2 /* Pods */,
				236D5F18B97D4126DFFA600A /* Frameworks */,
			);
			sourceTree = "<group>";
		};
		34B162F01EC29FD00029E723 /* Products */ = {
			isa = PBXGroup;
			children = (
				34B162EF1EC29FD00029E723 /* Movies.app */,
			);
			name = Products;
			sourceTree = "<group>";
		};
		34B162F11EC29FD00029E723 /* Movies */ = {
			isa = PBXGroup;
			children = (
				34B162F21EC29FD00029E723 /* AppDelegate.swift */,
				34B162F41EC29FD00029E723 /* ViewController.swift */,
				34B162F61EC29FD00029E723 /* Main.storyboard */,
				34B162F91EC29FD00029E723 /* Assets.xcassets */,
				34B162FB1EC29FD00029E723 /* LaunchScreen.storyboard */,
				34B162FE1EC29FD00029E723 /* Info.plist */,
				34B163041EC2A31D0029E723 /* CustomTableViewCell.swift */,
				34B163061EC2A4980029E723 /* Movie.swift */,
				34B1630A1EC3A8C80029E723 /* HTTPHandler.swift */,
				34B163081EC2B17F0029E723 /* SearchViewController.swift */,
				34D325AB1EC3B32100205F1A /* DataToMovie.swift */,
			);
			path = Movies;
			sourceTree = "<group>";
		};
		37185B5D0122097EF043CAF2 /* Pods */ = {
			isa = PBXGroup;
			children = (
				3A4F6523C4D205F7D2BF4301 /* Pods-Movies.debug.xcconfig */,
				CB6D969CF1A1A125BF10EE5F /* Pods-Movies.release.xcconfig */,
			);
			name = Pods;
			sourceTree = "<group>";
		};
/* End PBXGroup section */

/* Begin PBXNativeTarget section */
		34B162EE1EC29FD00029E723 /* Movies */ = {
			isa = PBXNativeTarget;
			buildConfigurationList = 34B163011EC29FD00029E723 /* Build configuration list for PBXNativeTarget "Movies" */;
			buildPhases = (
				F78093250E5676137058A796 /* [CP] Check Pods Manifest.lock */,
				34B162EB1EC29FD00029E723 /* Sources */,
				34B162EC1EC29FD00029E723 /* Frameworks */,
				34B162ED1EC29FD00029E723 /* Resources */,
				1DDD15ECD5AB1FAE97B3317A /* [CP] Embed Pods Frameworks */,
				2B4C1FE7C0193F18A559A9A1 /* [CP] Copy Pods Resources */,
			);
			buildRules = (
			);
			dependencies = (
			);
			name = Movies;
			productName = Movies;
			productReference = 34B162EF1EC29FD00029E723 /* Movies.app */;
			productType = "com.apple.product-type.application";
		};
/* End PBXNativeTarget section */

/* Begin PBXProject section */
		34B162E71EC29FD00029E723 /* Project object */ = {
			isa = PBXProject;
			attributes = {
				LastSwiftUpdateCheck = 0830;
				LastUpgradeCheck = 0830;
				ORGANIZATIONNAME = Matthew;
				TargetAttributes = {
					34B162EE1EC29FD00029E723 = {
						CreatedOnToolsVersion = 8.3.2;
						ProvisioningStyle = Automatic;
					};
				};
			};
			buildConfigurationList = 34B162EA1EC29FD00029E723 /* Build configuration list for PBXProject "Movies" */;
			compatibilityVersion = "Xcode 3.2";
			developmentRegion = English;
			hasScannedForEncodings = 0;
			knownRegions = (
				en,
				Base,
			);
			mainGroup = 34B162E61EC29FD00029E723;
			productRefGroup = 34B162F01EC29FD00029E723 /* Products */;
			projectDirPath = "";
			projectRoot = "";
			targets = (
				34B162EE1EC29FD00029E723 /* Movies */,
			);
		};
/* End PBXProject section */

/* Begin PBXResourcesBuildPhase section */
		34B162ED1EC29FD00029E723 /* Resources */ = {
			isa = PBXResourcesBuildPhase;
			buildActionMask = 2147483647;
			files = (
				34B162FD1EC29FD00029E723 /* LaunchScreen.storyboard in Resources */,
				34B162FA1EC29FD00029E723 /* Assets.xcassets in Resources */,
				34B162F81EC29FD00029E723 /* Main.storyboard in Resources */,
			);
			runOnlyForDeploymentPostprocessing = 0;
		};
/* End PBXResourcesBuildPhase section */

/* Begin PBXShellScriptBuildPhase section */
		1DDD15ECD5AB1FAE97B3317A /* [CP] Embed Pods Frameworks */ = {
			isa = PBXShellScriptBuildPhase;
			buildActionMask = 2147483647;
			files = (
			);
			inputPaths = (
			);
			name = "[CP] Embed Pods Frameworks";
			outputPaths = (
			);
			runOnlyForDeploymentPostprocessing = 0;
			shellPath = /bin/sh;
			shellScript = "\"${SRCROOT}/Pods/Target Support Files/Pods-Movies/Pods-Movies-frameworks.sh\"\n";
			showEnvVarsInLog = 0;
		};
		2B4C1FE7C0193F18A559A9A1 /* [CP] Copy Pods Resources */ = {
			isa = PBXShellScriptBuildPhase;
			buildActionMask = 2147483647;
			files = (
			);
			inputPaths = (
			);
			name = "[CP] Copy Pods Resources";
			outputPaths = (
			);
			runOnlyForDeploymentPostprocessing = 0;
			shellPath = /bin/sh;
			shellScript = "\"${SRCROOT}/Pods/Target Support Files/Pods-Movies/Pods-Movies-resources.sh\"\n";
			showEnvVarsInLog = 0;
		};
		F78093250E5676137058A796 /* [CP] Check Pods Manifest.lock */ = {
			isa = PBXShellScriptBuildPhase;
			buildActionMask = 2147483647;
			files = (
			);
			inputPaths = (
			);
			name = "[CP] Check Pods Manifest.lock";
			outputPaths = (
			);
			runOnlyForDeploymentPostprocessing = 0;
			shellPath = /bin/sh;
			shellScript = "diff \"${PODS_PODFILE_DIR_PATH}/Podfile.lock\" \"${PODS_ROOT}/Manifest.lock\" > /dev/null\nif [ $? != 0 ] ; then\n    # print error to STDERR\n    echo \"error: The sandbox is not in sync with the Podfile.lock. Run 'pod install' or update your CocoaPods installation.\" >&2\n    exit 1\nfi\n";
			showEnvVarsInLog = 0;
		};
/* End PBXShellScriptBuildPhase section */

/* Begin PBXSourcesBuildPhase section */
		34B162EB1EC29FD00029E723 /* Sources */ = {
			isa = PBXSourcesBuildPhase;
			buildActionMask = 2147483647;
			files = (
				34B163091EC2B17F0029E723 /* SearchViewController.swift in Sources */,
				34B1630B1EC3A8C80029E723 /* HTTPHandler.swift in Sources */,
				34B163051EC2A31D0029E723 /* CustomTableViewCell.swift in Sources */,
				34B162F51EC29FD00029E723 /* ViewController.swift in Sources */,
				34D325AC1EC3B32100205F1A /* DataToMovie.swift in Sources */,
				34B163071EC2A4980029E723 /* Movie.swift in Sources */,
				34B162F31EC29FD00029E723 /* AppDelegate.swift in Sources */,
			);
			runOnlyForDeploymentPostprocessing = 0;
		};
/* End PBXSourcesBuildPhase section */

/* Begin PBXVariantGroup section */
		34B162F61EC29FD00029E723 /* Main.storyboard */ = {
			isa = PBXVariantGroup;
			children = (
				34B162F71EC29FD00029E723 /* Base */,
			);
			name = Main.storyboard;
			sourceTree = "<group>";
		};
		34B162FB1EC29FD00029E723 /* LaunchScreen.storyboard */ = {
			isa = PBXVariantGroup;
			children = (
				34B162FC1EC29FD00029E723 /* Base */,
			);
			name = LaunchScreen.storyboard;
			sourceTree = "<group>";
		};
/* End PBXVariantGroup section */

/* Begin XCBuildConfiguration section */
		34B162FF1EC29FD00029E723 /* Debug */ = {
			isa = XCBuildConfiguration;
			buildSettings = {
				ALWAYS_SEARCH_USER_PATHS = NO;
				CLANG_ANALYZER_NONNULL = YES;
				CLANG_ANALYZER_NUMBER_OBJECT_CONVERSION = YES_AGGRESSIVE;
				CLANG_CXX_LANGUAGE_STANDARD = "gnu++0x";
				CLANG_CXX_LIBRARY = "libc++";
				CLANG_ENABLE_MODULES = YES;
				CLANG_ENABLE_OBJC_ARC = YES;
				CLANG_WARN_BOOL_CONVERSION = YES;
				CLANG_WARN_CONSTANT_CONVERSION = YES;
				CLANG_WARN_DIRECT_OBJC_ISA_USAGE = YES_ERROR;
				CLANG_WARN_DOCUMENTATION_COMMENTS = YES;
				CLANG_WARN_EMPTY_BODY = YES;
				CLANG_WARN_ENUM_CONVERSION = YES;
				CLANG_WARN_INFINITE_RECURSION = YES;
				CLANG_WARN_INT_CONVERSION = YES;
				CLANG_WARN_OBJC_ROOT_CLASS = YES_ERROR;
				CLANG_WARN_SUSPICIOUS_MOVE = YES;
				CLANG_WARN_UNREACHABLE_CODE = YES;
				CLANG_WARN__DUPLICATE_METHOD_MATCH = YES;
				"CODE_SIGN_IDENTITY[sdk=iphoneos*]" = "iPhone Developer";
				COPY_PHASE_STRIP = NO;
				DEBUG_INFORMATION_FORMAT = dwarf;
				ENABLE_STRICT_OBJC_MSGSEND = YES;
				ENABLE_TESTABILITY = YES;
				GCC_C_LANGUAGE_STANDARD = gnu99;
				GCC_DYNAMIC_NO_PIC = NO;
				GCC_NO_COMMON_BLOCKS = YES;
				GCC_OPTIMIZATION_LEVEL = 0;
				GCC_PREPROCESSOR_DEFINITIONS = (
					"DEBUG=1",
					"$(inherited)",
				);
				GCC_WARN_64_TO_32_BIT_CONVERSION = YES;
				GCC_WARN_ABOUT_RETURN_TYPE = YES_ERROR;
				GCC_WARN_UNDECLARED_SELECTOR = YES;
				GCC_WARN_UNINITIALIZED_AUTOS = YES_AGGRESSIVE;
				GCC_WARN_UNUSED_FUNCTION = YES;
				GCC_WARN_UNUSED_VARIABLE = YES;
				IPHONEOS_DEPLOYMENT_TARGET = 10.3;
				MTL_ENABLE_DEBUG_INFO = YES;
				ONLY_ACTIVE_ARCH = YES;
				SDKROOT = iphoneos;
				SWIFT_ACTIVE_COMPILATION_CONDITIONS = DEBUG;
				SWIFT_OPTIMIZATION_LEVEL = "-Onone";
				TARGETED_DEVICE_FAMILY = "1,2";
			};
			name = Debug;
		};
		34B163001EC29FD00029E723 /* Release */ = {
			isa = XCBuildConfiguration;
			buildSettings = {
				ALWAYS_SEARCH_USER_PATHS = NO;
				CLANG_ANALYZER_NONNULL = YES;
				CLANG_ANALYZER_NUMBER_OBJECT_CONVERSION = YES_AGGRESSIVE;
				CLANG_CXX_LANGUAGE_STANDARD = "gnu++0x";
				CLANG_CXX_LIBRARY = "libc++";
				CLANG_ENABLE_MODULES = YES;
				CLANG_ENABLE_OBJC_ARC = YES;
				CLANG_WARN_BOOL_CONVERSION = YES;
				CLANG_WARN_CONSTANT_CONVERSION = YES;
				CLANG_WARN_DIRECT_OBJC_ISA_USAGE = YES_ERROR;
				CLANG_WARN_DOCUMENTATION_COMMENTS = YES;
				CLANG_WARN_EMPTY_BODY = YES;
				CLANG_WARN_ENUM_CONVERSION = YES;
				CLANG_WARN_INFINITE_RECURSION = YES;
				CLANG_WARN_INT_CONVERSION = YES;
				CLANG_WARN_OBJC_ROOT_CLASS = YES_ERROR;
				CLANG_WARN_SUSPICIOUS_MOVE = YES;
				CLANG_WARN_UNREACHABLE_CODE = YES;
				CLANG_WARN__DUPLICATE_METHOD_MATCH = YES;
				"CODE_SIGN_IDENTITY[sdk=iphoneos*]" = "iPhone Developer";
				COPY_PHASE_STRIP = NO;
				DEBUG_INFORMATION_FORMAT = "dwarf-with-dsym";
				ENABLE_NS_ASSERTIONS = NO;
				ENABLE_STRICT_OBJC_MSGSEND = YES;
				GCC_C_LANGUAGE_STANDARD = gnu99;
				GCC_NO_COMMON_BLOCKS = YES;
				GCC_WARN_64_TO_32_BIT_CONVERSION = YES;
				GCC_WARN_ABOUT_RETURN_TYPE = YES_ERROR;
				GCC_WARN_UNDECLARED_SELECTOR = YES;
				GCC_WARN_UNINITIALIZED_AUTOS = YES_AGGRESSIVE;
				GCC_WARN_UNUSED_FUNCTION = YES;
				GCC_WARN_UNUSED_VARIABLE = YES;
				IPHONEOS_DEPLOYMENT_TARGET = 10.3;
				MTL_ENABLE_DEBUG_INFO = NO;
				SDKROOT = iphoneos;
				SWIFT_OPTIMIZATION_LEVEL = "-Owholemodule";
				TARGETED_DEVICE_FAMILY = "1,2";
				VALIDATE_PRODUCT = YES;
			};
			name = Release;
		};
		34B163021EC29FD00029E723 /* Debug */ = {
			isa = XCBuildConfiguration;
			baseConfigurationReference = 3A4F6523C4D205F7D2BF4301 /* Pods-Movies.debug.xcconfig */;
			buildSettings = {
				ASSETCATALOG_COMPILER_APPICON_NAME = AppIcon;
				INFOPLIST_FILE = Movies/Info.plist;
				LD_RUNPATH_SEARCH_PATHS = "$(inherited) @executable_path/Frameworks";
				PRODUCT_BUNDLE_IDENTIFIER = wemadeit.Movies;
				PRODUCT_NAME = "$(TARGET_NAME)";
				SWIFT_VERSION = 3.0;
			};
			name = Debug;
		};
		34B163031EC29FD00029E723 /* Release */ = {
			isa = XCBuildConfiguration;
			baseConfigurationReference = CB6D969CF1A1A125BF10EE5F /* Pods-Movies.release.xcconfig */;
			buildSettings = {
				ASSETCATALOG_COMPILER_APPICON_NAME = AppIcon;
				INFOPLIST_FILE = Movies/Info.plist;
				LD_RUNPATH_SEARCH_PATHS = "$(inherited) @executable_path/Frameworks";
				PRODUCT_BUNDLE_IDENTIFIER = wemadeit.Movies;
				PRODUCT_NAME = "$(TARGET_NAME)";
				SWIFT_VERSION = 3.0;
			};
			name = Release;
		};
/* End XCBuildConfiguration section */

/* Begin XCConfigurationList section */
		34B162EA1EC29FD00029E723 /* Build configuration list for PBXProject "Movies" */ = {
			isa = XCConfigurationList;
			buildConfigurations = (
				34B162FF1EC29FD00029E723 /* Debug */,
				34B163001EC29FD00029E723 /* Release */,
			);
			defaultConfigurationIsVisible = 0;
			defaultConfigurationName = Release;
		};
		34B163011EC29FD00029E723 /* Build configuration list for PBXNativeTarget "Movies" */ = {
			isa = XCConfigurationList;
			buildConfigurations = (
				34B163021EC29FD00029E723 /* Debug */,
				34B163031EC29FD00029E723 /* Release */,
			);
			defaultConfigurationIsVisible = 0;
			defaultConfigurationName = Release;
		};
/* End XCConfigurationList section */
	};
	rootObject = 34B162E71EC29FD00029E723 /* Project object */;
}
